{
  "lockfileVersion": 1,
  "configVersion": 1,
  "workspaces": {
    "": {
      "name": "irc-slack-bridge",
      "dependencies": {
        "irc": "^0.5.2",
        "slack-edge": "^1.3.12",
      },
      "devDependencies": {
        "@types/bun": "latest",
        "@types/irc": "^0.5.4",
      },
      "peerDependencies": {
        "typescript": "^5",
      },
    },
  },
  "packages": {
    "@types/bun": ["@types/bun@1.3.3", "", { "dependencies": { "bun-types": "1.3.3" } }, "sha512-ogrKbJ2X5N0kWLLFKeytG0eHDleBYtngtlbu9cyBKFtNL3cnpDZkNdQj8flVf6WTZUX5ulI9AY1oa7ljhSrp+g=="],

    "@types/irc": ["@types/irc@0.5.4", "", { "dependencies": { "@types/node": "*" } }, "sha512-73npDB2rOidw5a30tEmbVZg28bzbfamOa1gK4h5h+6bdSrtVvegchmEKdmsBPTHStjQcCbNqlXS4rRbBUuIrJg=="],

    "@types/node": ["@types/node@24.10.1", "", { "dependencies": { "undici-types": "~7.16.0" } }, "sha512-GNWcUTRBgIRJD5zj+Tq0fKOJ5XZajIiBroOF0yvj2bSU1WvNdYS/dn9UxwsujGW4JX06dnHyjV2y9rRaybH0iQ=="],

    "bun-types": ["bun-types@1.3.3", "", { "dependencies": { "@types/node": "*" } }, "sha512-z3Xwlg7j2l9JY27x5Qn3Wlyos8YAp0kKRlrePAOjgjMGS5IG6E7Jnlx736vH9UVI4wUICwwhC9anYL++XeOgTQ=="],

    "iconv": ["iconv@2.2.3", "", { "dependencies": { "nan": "^2.3.5" } }, "sha512-evIiYeKdt5nEGYKNkQcGPQy781sYgbBKi3gEkt1s4CwteCdOHSjGGRyyp6lP8inYFZwvzG3lgjXEvGUC8nqQ5A=="],

    "irc": ["irc@0.5.2", "", { "dependencies": { "irc-colors": "^1.1.0" }, "optionalDependencies": { "iconv": "~2.2.1", "node-icu-charset-detector": "~0.2.0" } }, "sha512-KnrvkV05Y71SWmRWHtnlWEIH7LA/YeDul6l7tncCGLNEw4B6Obtmkatb3ACnSLj0kOJ6UBiuhss9e+eRG3zlxw=="],

    "irc-colors": ["irc-colors@1.5.0", "", {}, "sha512-HtszKchBQTcqw1DC09uD7i7vvMayHGM1OCo6AHt5pkgZEyo99ClhHTMJdf+Ezc9ovuNNxcH89QfyclGthjZJOw=="],

    "nan": ["nan@2.23.1", "", {}, "sha512-r7bBUGKzlqk8oPBDYxt6Z0aEdF1G1rwlMcLk8LCOMbOzf0mG+JUfUzG4fIMWwHWP0iyaLWEQZJmtB7nOHEm/qw=="],

    "node-icu-charset-detector": ["node-icu-charset-detector@0.2.0", "", { "dependencies": { "nan": "^2.3.3" } }, "sha512-DYOFJ3NfKdxEi9hPbmoCss6WydGhJsxpSleUlZfAWEbZt3AU7JuxailgA9tnqQdsHiujfUY9VtDfWD9m0+ThtQ=="],

    "slack-edge": ["slack-edge@1.3.12", "", { "dependencies": { "slack-web-api-client": "^1.1.7" } }, "sha512-9+He610rMeEeZawJY2UB4MGqQ4YwqOJXa+g5z0j26JCguFPv3MkByLiYsIf9fJMsCega4863RqzLCQ61AvCPAA=="],

    "slack-web-api-client": ["slack-web-api-client@1.1.7", "", {}, "sha512-R36tRp8JcBTHXHMs60sNJTHbUrfj/+5X3ezSNbdoNXTdcRGPM8NZ6ANG3MeZEROxYEOm665Ya7QNfp/xmskQbw=="],

    "typescript": ["typescript@5.9.3", "", { "bin": { "tsc": "bin/tsc", "tsserver": "bin/tsserver" } }, "sha512-jl1vZzPDinLr9eUt3J/t7V6FgNEw9QjvBPdysz9KfQDD41fQrC2Y4vKQdiaUpFT4bXlb1RHhLpp8wtm6M5TgSw=="],

    "undici-types": ["undici-types@7.16.0", "", {}, "sha512-Zz+aZWSj8LE6zoxD+xrjh4VfkIG8Ya6LvYkZqtUQGJPZjYl53ypCaUwWqo7eI0x66KBGeRo+mlBEkMSeSZ38Nw=="],
  }
}
